
Microsoft Visual Studio Solution File, Format Version 12.00
# Visual Studio 2013
VisualStudioVersion = 12.0.31101.0
MinimumVisualStudioVersion = 10.0.40219.1
Project("{FAE04EC0-301F-11D3-BF4B-00C04F79EFBC}") = "EdxConsoleApp", "EdxConsoleApp\EdxConsoleApp.csproj", "{A3ED0FE6-01DF-4892-ABE5-1156F65363EF}"
EndProject
Global
	GlobalSection(SolutionConfigurationPlatforms) = preSolution
		Debug|Any CPU = Debug|Any CPU
		Release|Any CPU = Release|Any CPU
	EndGlobalSection
	GlobalSection(ProjectConfigurationPlatforms) = postSolution
		{A3ED0FE6-01DF-4892-ABE5-1156F65363EF}.Debug|Any CPU.ActiveCfg = Debug|Any CPU
		{A3ED0FE6-01DF-4892-ABE5-1156F65363EF}.Debug|Any CPU.Build.0 = Debug|Any CPU
		{A3ED0FE6-01DF-4892-ABE5-1156F65363EF}.Release|Any CPU.ActiveCfg = Release|Any CPU
		{A3ED0FE6-01DF-4892-ABE5-1156F65363EF}.Release|Any CPU.Build.0 = Release|Any CPU
	EndGlobalSection
	GlobalSection(SolutionProperties) = preSolution
		HideSolutionNode = FALSE
	EndGlobalSection
EndGlobal
